
Microsoft Visual Studio Solution File, Format Version 12.00
# Visual Studio Version 17
VisualStudioVersion = 17.13.35931.197
MinimumVisualStudioVersion = 10.0.40219.1
Project("{FAE04EC0-301F-11D3-BF4B-00C04F79EFBC}") = "KCDMP_launcher", "KCDMP_launcher\KCDMP_launcher.csproj", "{EB46AA40-9F52-173F-F093-ED1CC3554A3F}"
EndProject
Project("{FAE04EC0-301F-11D3-BF4B-00C04F79EFBC}") = "KcdMp.Server", "dotnet\KcdMp.Server\KcdMp.Server.csproj", "{3E7F8A92-B1D4-4C6E-9F25-1A3B7E8D9C4F}"
EndProject
Project("{FAE04EC0-301F-11D3-BF4B-00C04F79EFBC}") = "KcdMp.Client", "dotnet\KcdMp.Client\KcdMp.Client.csproj", "{8D2C1A5F-E3B7-4D90-A8C6-2F9E5B4A7D1C}"
EndProject
Project("{2150E333-8FDC-42A3-9474-1A3956D46DE8}") = "dotnet", "dotnet", "{15FB77F0-B999-49E5-80DB-AC45F17434A7}"
EndProject
Project("{FAE04EC0-301F-11D3-BF4B-00C04F79EFBC}") = "KcdMp.Protocol", "dotnet\KcdMp.Protocol\KcdMp.Protocol.csproj", "{06D9A067-11AC-4914-A53E-7001E6F4100B}"
EndProject
Project("{FAE04EC0-301F-11D3-BF4B-00C04F79EFBC}") = "KcdMp.Farkle", "dotnet\KcdMp.Farkle\KcdMp.Farkle.csproj", "{2B848028-127F-4B43-8D71-02C0F3D08D78}"
EndProject
Project("{FAE04EC0-301F-11D3-BF4B-00C04F79EFBC}") = "KcdMp.Farkle.Tests", "dotnet\KcdMp.Farkle.Tests\KcdMp.Farkle.Tests.csproj", "{C5E752EE-F5E9-48ED-A710-249E98347066}"
EndProject
Project("{FAE04EC0-301F-11D3-BF4B-00C04F79EFBC}") = "KcdMp.MasterServer", "dotnet\KcdMp.MasterServer\KcdMp.MasterServer.csproj", "{2A2337CD-DE97-4385-8BC1-A855E69EECA7}"
EndProject
Global
	GlobalSection(SolutionConfigurationPlatforms) = preSolution
		Debug|Any CPU = Debug|Any CPU
		Release|Any CPU = Release|Any CPU
	EndGlobalSection
	GlobalSection(ProjectConfigurationPlatforms) = postSolution
		{EB46AA40-9F52-173F-F093-ED1CC3554A3F}.Debug|Any CPU.ActiveCfg = Debug|Any CPU
		{EB46AA40-9F52-173F-F093-ED1CC3554A3F}.Debug|Any CPU.Build.0 = Debug|Any CPU
		{EB46AA40-9F52-173F-F093-ED1CC3554A3F}.Release|Any CPU.ActiveCfg = Release|Any CPU
		{EB46AA40-9F52-173F-F093-ED1CC3554A3F}.Release|Any CPU.Build.0 = Release|Any CPU
		{3E7F8A92-B1D4-4C6E-9F25-1A3B7E8D9C4F}.Debug|Any CPU.ActiveCfg = Debug|Any CPU
		{3E7F8A92-B1D4-4C6E-9F25-1A3B7E8D9C4F}.Debug|Any CPU.Build.0 = Debug|Any CPU
		{3E7F8A92-B1D4-4C6E-9F25-1A3B7E8D9C4F}.Release|Any CPU.ActiveCfg = Release|Any CPU
		{3E7F8A92-B1D4-4C6E-9F25-1A3B7E8D9C4F}.Release|Any CPU.Build.0 = Release|Any CPU
		{8D2C1A5F-E3B7-4D90-A8C6-2F9E5B4A7D1C}.Debug|Any CPU.ActiveCfg = Debug|Any CPU
		{8D2C1A5F-E3B7-4D90-A8C6-2F9E5B4A7D1C}.Debug|Any CPU.Build.0 = Debug|Any CPU
		{8D2C1A5F-E3B7-4D90-A8C6-2F9E5B4A7D1C}.Release|Any CPU.ActiveCfg = Release|Any CPU
		{8D2C1A5F-E3B7-4D90-A8C6-2F9E5B4A7D1C}.Release|Any CPU.Build.0 = Release|Any CPU
		{06D9A067-11AC-4914-A53E-7001E6F4100B}.Debug|Any CPU.ActiveCfg = Debug|Any CPU
		{06D9A067-11AC-4914-A53E-7001E6F4100B}.Debug|Any CPU.Build.0 = Debug|Any CPU
		{06D9A067-11AC-4914-A53E-7001E6F4100B}.Release|Any CPU.ActiveCfg = Release|Any CPU
		{06D9A067-11AC-4914-A53E-7001E6F4100B}.Release|Any CPU.Build.0 = Release|Any CPU
		{2B848028-127F-4B43-8D71-02C0F3D08D78}.Debug|Any CPU.ActiveCfg = Debug|Any CPU
		{2B848028-127F-4B43-8D71-02C0F3D08D78}.Debug|Any CPU.Build.0 = Debug|Any CPU
		{2B848028-127F-4B43-8D71-02C0F3D08D78}.Release|Any CPU.ActiveCfg = Release|Any CPU
		{2B848028-127F-4B43-8D71-02C0F3D08D78}.Release|Any CPU.Build.0 = Release|Any CPU
		{C5E752EE-F5E9-48ED-A710-249E98347066}.Debug|Any CPU.ActiveCfg = Debug|Any CPU
		{C5E752EE-F5E9-48ED-A710-249E98347066}.Debug|Any CPU.Build.0 = Debug|Any CPU
		{C5E752EE-F5E9-48ED-A710-249E98347066}.Release|Any CPU.ActiveCfg = Release|Any CPU
		{C5E752EE-F5E9-48ED-A710-249E98347066}.Release|Any CPU.Build.0 = Release|Any CPU
		{2A2337CD-DE97-4385-8BC1-A855E69EECA7}.Debug|Any CPU.ActiveCfg = Debug|Any CPU
		{2A2337CD-DE97-4385-8BC1-A855E69EECA7}.Debug|Any CPU.Build.0 = Debug|Any CPU
		{2A2337CD-DE97-4385-8BC1-A855E69EECA7}.Release|Any CPU.ActiveCfg = Release|Any CPU
		{2A2337CD-DE97-4385-8BC1-A855E69EECA7}.Release|Any CPU.Build.0 = Release|Any CPU
	EndGlobalSection
	GlobalSection(SolutionProperties) = preSolution
		HideSolutionNode = FALSE
	EndGlobalSection
	GlobalSection(ExtensibilityGlobals) = postSolution
		SolutionGuid = {1F147E62-B874-4D30-A443-5DE30B0B64F2}
	EndGlobalSection
	GlobalSection(NestedProjects) = preSolution
		{06D9A067-11AC-4914-A53E-7001E6F4100B} = {15FB77F0-B999-49E5-80DB-AC45F17434A7}
		{2B848028-127F-4B43-8D71-02C0F3D08D78} = {15FB77F0-B999-49E5-80DB-AC45F17434A7}
		{C5E752EE-F5E9-48ED-A710-249E98347066} = {15FB77F0-B999-49E5-80DB-AC45F17434A7}
		{2A2337CD-DE97-4385-8BC1-A855E69EECA7} = {15FB77F0-B999-49E5-80DB-AC45F17434A7}
	EndGlobalSection
EndGlobal
